
Microsoft Visual Studio Solution File, Format Version 12.00
# Visual Studio Version 17
VisualStudioVersion = 17.5.33516.290
MinimumVisualStudioVersion = 10.0.40219.1
Project("{FAE04EC0-301F-11D3-BF4B-00C04F79EFBC}") = "NVorbis", "NVorbis\NVorbis.csproj", "{D79462D7-03C1-41A8-9CD4-5827155DEDFB}"
EndProject
Project("{FAE04EC0-301F-11D3-BF4B-00C04F79EFBC}") = "Triggerless.TriggerBot", "Triggerless.TriggerBot\Triggerless.TriggerBot.csproj", "{CA83BAED-E6B8-434A-A483-6F81A9A22748}"
EndProject
Global
	GlobalSection(SolutionConfigurationPlatforms) = preSolution
		Debug|Any CPU = Debug|Any CPU
		Release|Any CPU = Release|Any CPU
	EndGlobalSection
	GlobalSection(ProjectConfigurationPlatforms) = postSolution
		{D79462D7-03C1-41A8-9CD4-5827155DEDFB}.Debug|Any CPU.ActiveCfg = Debug|Any CPU
		{D79462D7-03C1-41A8-9CD4-5827155DEDFB}.Debug|Any CPU.Build.0 = Debug|Any CPU
		{D79462D7-03C1-41A8-9CD4-5827155DEDFB}.Release|Any CPU.ActiveCfg = Release|Any CPU
		{D79462D7-03C1-41A8-9CD4-5827155DEDFB}.Release|Any CPU.Build.0 = Release|Any CPU
		{CA83BAED-E6B8-434A-A483-6F81A9A22748}.Debug|Any CPU.ActiveCfg = Debug|Any CPU
		{CA83BAED-E6B8-434A-A483-6F81A9A22748}.Debug|Any CPU.Build.0 = Debug|Any CPU
		{CA83BAED-E6B8-434A-A483-6F81A9A22748}.Release|Any CPU.ActiveCfg = Release|Any CPU
		{CA83BAED-E6B8-434A-A483-6F81A9A22748}.Release|Any CPU.Build.0 = Release|Any CPU
	EndGlobalSection
	GlobalSection(SolutionProperties) = preSolution
		HideSolutionNode = FALSE
	EndGlobalSection
	GlobalSection(ExtensibilityGlobals) = postSolution
		SolutionGuid = {E102BC53-0C46-4FD9-B6C2-3ACBB4E4C202}
	EndGlobalSection
EndGlobal
