
Microsoft Visual Studio Solution File, Format Version 12.00
# Visual Studio Version 17
VisualStudioVersion = 17.5.33516.290
MinimumVisualStudioVersion = 10.0.40219.1
Project("{FAE04EC0-301F-11D3-BF4B-00C04F79EFBC}") = "Triggerless.TriggerBot", "Triggerless.TriggerBot\Triggerless.TriggerBot.csproj", "{CA83BAED-E6B8-434A-A483-6F81A9A22748}"
EndProject
Project("{FAE04EC0-301F-11D3-BF4B-00C04F79EFBC}") = "ManagedWinapi", "ManagedWinapi\ManagedWinapi.csproj", "{FBD3EC1E-47E2-4D2D-81C9-D6506125A09A}"
EndProject
Project("{9A19103F-16F7-4668-BE54-9A1E7A4F7556}") = "WaveFormRendererLib", "WaveFormRendererLib\WaveFormRendererLib.csproj", "{9FAD7231-3B62-4A14-AC50-1747F49DB84C}"
EndProject
Project("{FAE04EC0-301F-11D3-BF4B-00C04F79EFBC}") = "Triggerless.XAFLib", "..\..\Triggerless\XAFLib\Triggerless.XAFLib.csproj", "{A1312551-9229-4C9C-B2EB-5B5BF4D5ADAE}"
EndProject
Project("{FAE04EC0-301F-11D3-BF4B-00C04F79EFBC}") = "WindowsInput", "WindowsInput\WindowsInput.csproj", "{3549CD6F-80F8-450F-B99E-CF0A736B1F2A}"
EndProject
Global
	GlobalSection(SolutionConfigurationPlatforms) = preSolution
		Debug|Any CPU = Debug|Any CPU
		Release|Any CPU = Release|Any CPU
	EndGlobalSection
	GlobalSection(ProjectConfigurationPlatforms) = postSolution
		{CA83BAED-E6B8-434A-A483-6F81A9A22748}.Debug|Any CPU.ActiveCfg = Debug|Any CPU
		{CA83BAED-E6B8-434A-A483-6F81A9A22748}.Debug|Any CPU.Build.0 = Debug|Any CPU
		{CA83BAED-E6B8-434A-A483-6F81A9A22748}.Release|Any CPU.ActiveCfg = Release|Any CPU
		{CA83BAED-E6B8-434A-A483-6F81A9A22748}.Release|Any CPU.Build.0 = Release|Any CPU
		{FBD3EC1E-47E2-4D2D-81C9-D6506125A09A}.Debug|Any CPU.ActiveCfg = Debug|Any CPU
		{FBD3EC1E-47E2-4D2D-81C9-D6506125A09A}.Debug|Any CPU.Build.0 = Debug|Any CPU
		{FBD3EC1E-47E2-4D2D-81C9-D6506125A09A}.Release|Any CPU.ActiveCfg = Release|Any CPU
		{FBD3EC1E-47E2-4D2D-81C9-D6506125A09A}.Release|Any CPU.Build.0 = Release|Any CPU
		{9FAD7231-3B62-4A14-AC50-1747F49DB84C}.Debug|Any CPU.ActiveCfg = Debug|Any CPU
		{9FAD7231-3B62-4A14-AC50-1747F49DB84C}.Debug|Any CPU.Build.0 = Debug|Any CPU
		{9FAD7231-3B62-4A14-AC50-1747F49DB84C}.Release|Any CPU.ActiveCfg = Release|Any CPU
		{9FAD7231-3B62-4A14-AC50-1747F49DB84C}.Release|Any CPU.Build.0 = Release|Any CPU
		{A1312551-9229-4C9C-B2EB-5B5BF4D5ADAE}.Debug|Any CPU.ActiveCfg = Debug|Any CPU
		{A1312551-9229-4C9C-B2EB-5B5BF4D5ADAE}.Debug|Any CPU.Build.0 = Debug|Any CPU
		{A1312551-9229-4C9C-B2EB-5B5BF4D5ADAE}.Release|Any CPU.ActiveCfg = Release|Any CPU
		{A1312551-9229-4C9C-B2EB-5B5BF4D5ADAE}.Release|Any CPU.Build.0 = Release|Any CPU
		{3549CD6F-80F8-450F-B99E-CF0A736B1F2A}.Debug|Any CPU.ActiveCfg = Debug|Any CPU
		{3549CD6F-80F8-450F-B99E-CF0A736B1F2A}.Debug|Any CPU.Build.0 = Debug|Any CPU
		{3549CD6F-80F8-450F-B99E-CF0A736B1F2A}.Release|Any CPU.ActiveCfg = Release|Any CPU
		{3549CD6F-80F8-450F-B99E-CF0A736B1F2A}.Release|Any CPU.Build.0 = Release|Any CPU
	EndGlobalSection
	GlobalSection(SolutionProperties) = preSolution
		HideSolutionNode = FALSE
	EndGlobalSection
	GlobalSection(ExtensibilityGlobals) = postSolution
		SolutionGuid = {E102BC53-0C46-4FD9-B6C2-3ACBB4E4C202}
	EndGlobalSection
EndGlobal
